# This file is automatically @generated by Cargo.
# It is not intended for manual editing.
version = 4

[[package]]
name = "sentic-agent"
version = "0.1.0"

[[package]]
name = "sentic-common"
version = "0.1.0"

[[package]]
name = "sentic-ebpf"
version = "0.1.0"

[[package]]
name = "xtask"
version = "0.1.0"
